{
  "version": "2",
  "remote": {
    "https://deno.land/std@0.167.0/fmt/colors.ts": "03ad95e543d2808bc43c17a3dd29d25b43d0f16287fe562a0be89bf632454a12",
    "https://deno.land/std@0.167.0/streams/write_all.ts": "7525aa90e34a2bb56d094403ad9c0e31e7db87a47cb556e6dc0404e6deca084c",
    "https://deno.land/std@0.167.0/testing/_diff.ts": "a23e7fc2b4d8daa3e158fa06856bedf5334ce2a2831e8bf9e509717f455adb2c",
    "https://deno.land/std@0.167.0/testing/_format.ts": "cd11136e1797791045e639e9f0f4640d5b4166148796cad37e6ef75f7d7f3832",
    "https://deno.land/std@0.167.0/testing/asserts.ts": "51353e79437361d4b02d8e32f3fc83b22231bc8f8d4c841d86fd32b0b0afe940"
  },
  "npm": {
    "specifiers": { "fp-ts": "fp-ts@2.13.1", "monpar@1.0.3": "monpar@1.0.3" },
    "packages": {
      "fp-ts@2.13.1": {
        "integrity": "sha512-0eu5ULPS2c/jsa1lGFneEFFEdTbembJv8e4QKXeVJ3lm/5hyve06dlKZrpxmMwJt6rYen7sxmHHK2CLaXvWuWQ==",
        "dependencies": {}
      },
      "monpar@1.0.3": {
        "integrity": "sha512-R3m3i3qOYNEmcAHXHlN952O18DV65cM9ubposChFltEKzJR261QuXjRxY306LD64HVVjo1E4rMARg2ZaYajrQw==",
        "dependencies": {}
      }
    }
  }
}
