{
  "version": "2",
  "remote": {
    "https://cdn.skypack.dev/-/immer@v8.0.1-SlpO3odWdrnqyw2dGeyp/dist=es2019,mode=imports/optimized/immer.js": "ae9963966da18a4459d31cf90e086f3464bcd48353f8958a43679d092ba69bcb",
    "https://cdn.skypack.dev/-/immer@v8.0.1-SlpO3odWdrnqyw2dGeyp/dist=es2019,mode=types/dist/core/current.d.ts": "11a9e38611ac3c77c74240c58b6bd64a0032128b29354e999650f1de1e034b1c",
    "https://cdn.skypack.dev/-/immer@v8.0.1-SlpO3odWdrnqyw2dGeyp/dist=es2019,mode=types/dist/core/finalize.d.ts": "20e28609a63cccc6160cef42aecc51d68abb38f5e78ea3d862a3c2f119b5c965",
    "https://cdn.skypack.dev/-/immer@v8.0.1-SlpO3odWdrnqyw2dGeyp/dist=es2019,mode=types/dist/core/immerClass.d.ts": "2d54718bc1518ab3fcb6500ee7a795cc0e1e6d25b42344236c43930ca8c7bcbb",
    "https://cdn.skypack.dev/-/immer@v8.0.1-SlpO3odWdrnqyw2dGeyp/dist=es2019,mode=types/dist/core/proxy.d.ts": "aeaac9cddb8c0923f80dd28fa77beb73908fba703b0a40945de14501e6af2598",
    "https://cdn.skypack.dev/-/immer@v8.0.1-SlpO3odWdrnqyw2dGeyp/dist=es2019,mode=types/dist/core/scope.d.ts": "a7c53f195ad901ae02b54b71fd5502e0b7ae108becba16961f23004e06bff3ec",
    "https://cdn.skypack.dev/-/immer@v8.0.1-SlpO3odWdrnqyw2dGeyp/dist=es2019,mode=types/dist/immer.d.ts": "b52449f3ac6ca53a07a0fe7836b2cc62d2defdc6b9adc5f70201b70d40b460d7",
    "https://cdn.skypack.dev/-/immer@v8.0.1-SlpO3odWdrnqyw2dGeyp/dist=es2019,mode=types/dist/internal.d.ts": "fe8d6d5760d27d565802833cb57185151ef77b8e208d06e7149b88bee19cf965",
    "https://cdn.skypack.dev/-/immer@v8.0.1-SlpO3odWdrnqyw2dGeyp/dist=es2019,mode=types/dist/plugins/all.d.ts": "c4463cf02535444dcbc3e67ecd29f1972490f74e49957d6fd4282a1013796ba6",
    "https://cdn.skypack.dev/-/immer@v8.0.1-SlpO3odWdrnqyw2dGeyp/dist=es2019,mode=types/dist/plugins/es5.d.ts": "d738f282842970e058672663311c6875482ee36607c88b98ffb6604fba99cb2a",
    "https://cdn.skypack.dev/-/immer@v8.0.1-SlpO3odWdrnqyw2dGeyp/dist=es2019,mode=types/dist/plugins/mapset.d.ts": "8891c6e959d253a66434ff5dc9ae46058fb3493e84b4ca39f710ef2d350656b1",
    "https://cdn.skypack.dev/-/immer@v8.0.1-SlpO3odWdrnqyw2dGeyp/dist=es2019,mode=types/dist/plugins/patches.d.ts": "ec859cd8226aa623e41bbb47c249a55ee16dc1b8647359585244d57d3a5ed0c7",
    "https://cdn.skypack.dev/-/immer@v8.0.1-SlpO3odWdrnqyw2dGeyp/dist=es2019,mode=types/dist/types/types-external.d.ts": "0d70a5d0b9f35e392c40e8ec06262634617cb5139b3a684a120da800b24be864",
    "https://cdn.skypack.dev/-/immer@v8.0.1-SlpO3odWdrnqyw2dGeyp/dist=es2019,mode=types/dist/types/types-internal.d.ts": "b90d58357e47b3dd123d8b9ce55a33c0f148849faf5d9e2648c259d30d166f07",
    "https://cdn.skypack.dev/-/immer@v8.0.1-SlpO3odWdrnqyw2dGeyp/dist=es2019,mode=types/dist/utils/common.d.ts": "f8bb3b77dbf379d442fc7e169788f5d0442f81e9676d796e9779decf8eb03cc5",
    "https://cdn.skypack.dev/-/immer@v8.0.1-SlpO3odWdrnqyw2dGeyp/dist=es2019,mode=types/dist/utils/env.d.ts": "4df0891b133884cd9ed752d31c7d0ec0a09234e9ed5394abffd3c660761598db",
    "https://cdn.skypack.dev/-/immer@v8.0.1-SlpO3odWdrnqyw2dGeyp/dist=es2019,mode=types/dist/utils/errors.d.ts": "b603b62d3dcd31ef757dc7339b4fa8acdbca318b0fb9ac485f9a1351955615f9",
    "https://cdn.skypack.dev/-/immer@v8.0.1-SlpO3odWdrnqyw2dGeyp/dist=es2019,mode=types/dist/utils/plugins.d.ts": "bae2ccfb6d520a1ad7e4140b5c8266c9734e2026b914456a1901049f828ad1d0",
    "https://cdn.skypack.dev/immer@8.0.1?dts": "a52de156adb05b4f0e166f4a734f44279b0318a43ef7b7eaaa3ae98f1ae92a54",
    "https://deno.land/std@0.167.0/fmt/colors.ts": "03ad95e543d2808bc43c17a3dd29d25b43d0f16287fe562a0be89bf632454a12",
    "https://deno.land/std@0.167.0/fs/_util.ts": "fdc156f897197f261a1c096dcf8ff9267ed0ff42bd5b31f55053a4763a4bae3b",
    "https://deno.land/std@0.167.0/fs/copy.ts": "c6303e52f544c81271c929931f5b59c9cfa4f81930719d2d3f777188c38aac9f",
    "https://deno.land/std@0.167.0/fs/empty_dir.ts": "453d6232ff109f2afb5e57ec14c3228e399205c1b408d85536aed7230290c414",
    "https://deno.land/std@0.167.0/fs/ensure_dir.ts": "5e9e3d7da7fc5b5e391e6d9ccead17086d76e82fb46ccc7cc9b9ee3491bab6e0",
    "https://deno.land/std@0.167.0/fs/ensure_file.ts": "76ef3a8ebef60d8da1fc4316fcb8e20c1b6f52b1baed3a9692ad3b0d1a9a1b03",
    "https://deno.land/std@0.167.0/fs/ensure_link.ts": "adc8919063e26819f5971a0010fedc1bfd71d6350a24db1a36dff432bc35c7d7",
    "https://deno.land/std@0.167.0/fs/ensure_symlink.ts": "5273557b8c50be69477aa9cb003b54ff2240a336db52a40851c97abce76b96ab",
    "https://deno.land/std@0.167.0/fs/expand_glob.ts": "3a92ee4921d2b063b8dfefd1d87c35bf81126f0f1cb16e5a0f4e9ecb88ec6fe3",
    "https://deno.land/std@0.167.0/fs/mod.ts": "79c209c6e66903b3426f9245a4f216380a0ed47ffe9d253f5a61a0bc9ad1f314",
    "https://deno.land/std@0.167.0/fs/move.ts": "02ab1fc9b744da8b496f406e9fc77b0bf7960b6faaa7ec9f5fb0a129e5bef215",
    "https://deno.land/std@0.167.0/fs/walk.ts": "677eac2e5386217a7a4e7526769ae28b41ff4ae7a3cd0389f3aa4eb662545edd",
    "https://deno.land/std@0.167.0/path/mod.ts": "cf7cec7ac11b7048bb66af8ae03513e66595c279c65cfa12bfc07d9599608b78",
    "https://deno.land/std@0.167.0/streams/write_all.ts": "7525aa90e34a2bb56d094403ad9c0e31e7db87a47cb556e6dc0404e6deca084c",
    "https://deno.land/std@0.167.0/testing/_diff.ts": "a23e7fc2b4d8daa3e158fa06856bedf5334ce2a2831e8bf9e509717f455adb2c",
    "https://deno.land/std@0.167.0/testing/_format.ts": "cd11136e1797791045e639e9f0f4640d5b4166148796cad37e6ef75f7d7f3832",
    "https://deno.land/std@0.167.0/testing/asserts.ts": "51353e79437361d4b02d8e32f3fc83b22231bc8f8d4c841d86fd32b0b0afe940"
  },
  "npm": {
    "specifiers": { "fp-ts": "fp-ts@2.13.1", "monpar@1.0.3": "monpar@1.0.3" },
    "packages": {
      "fp-ts@2.13.1": {
        "integrity": "sha512-0eu5ULPS2c/jsa1lGFneEFFEdTbembJv8e4QKXeVJ3lm/5hyve06dlKZrpxmMwJt6rYen7sxmHHK2CLaXvWuWQ==",
        "dependencies": {}
      },
      "monpar@1.0.3": {
        "integrity": "sha512-R3m3i3qOYNEmcAHXHlN952O18DV65cM9ubposChFltEKzJR261QuXjRxY306LD64HVVjo1E4rMARg2ZaYajrQw==",
        "dependencies": {}
      }
    }
  }
}
